{
    "_meta": {
        "hash": {
            "sha256": "97e8fe6012d475f3a2a66a73a2e032ebb8de5c6547ba732fe7abd107c40251de"
        },
        "pipfile-spec": 6,
        "requires": {
            "python_version": "3.5.3"
        },
        "sources": [
            {
                "name": "pypi",
                "url": "https://pypi.org/simple",
                "verify_ssl": true
            }
        ]
    },
    "default": {
        "click": {
            "hashes": [
                "sha256:2335065e6395b9e67ca716de5f7526736bfa6ceead690adf616d925bdc622b13",
                "sha256:5b94b49521f6456670fdb30cd82a4eca9412788a93fa6dd6df72c94d5a8ff2d7"
            ],
            "version": "==7.0"
        },
        "cython": {
            "hashes": [
                "sha256:0ce8f6c789c907472c9084a44b625eba76a85d0189513de1497ab102a9d39ef8",
                "sha256:0d67964b747ac09758ba31fe25da2f66f575437df5f121ff481889a7a4485f56",
                "sha256:1630823619a87a814e5c1fa9f96544272ce4f94a037a34093fbec74989342328",
                "sha256:1a4c634bb049c8482b7a4f3121330de1f1c1f66eac3570e1e885b0c392b6a451",
                "sha256:1ec91cc09e9f9a2c3173606232adccc68f3d14be1a15a8c5dc6ab97b47b31528",
                "sha256:237a8fdd8333f7248718875d930d1e963ffa519fefeb0756d01d91cbfadab0bc",
                "sha256:28a308cbfdf9b7bb44def918ad4a26b2d25a0095fa2f123addda33a32f308d00",
                "sha256:2fe3dde34fa125abf29996580d0182c18b8a240d7fa46d10984cc28d27808731",
                "sha256:30bda294346afa78c49a343e26f3ab2ad701e09f6a6373f579593f0cfcb1235a",
                "sha256:33d27ea23e12bf0d420e40c20308c03ef192d312e187c1f72f385edd9bd6d570",
                "sha256:34d24d9370a6089cdd5afe56aa3c4af456e6400f8b4abb030491710ee765bafc",
                "sha256:4e4877c2b96fae90f26ee528a87b9347872472b71c6913715ca15c8fe86a68c9",
                "sha256:50d6f1f26702e5f2a19890c7bc3de00f9b8a0ec131b52edccd56a60d02519649",
                "sha256:55d081162191b7c11c7bfcb7c68e913827dfd5de6ecdbab1b99dab190586c1e8",
                "sha256:59d339c7f99920ff7e1d9d162ea309b35775172e4bab9553f1b968cd43b21d6d",
                "sha256:6cf4d10df9edc040c955fca708bbd65234920e44c30fccd057ecf3128efb31ad",
                "sha256:6ec362539e2a6cf2329cd9820dec64868d8f0babe0d8dc5deff6c87a84d13f68",
                "sha256:7edc61a17c14b6e54d5317b0300d2da23d94a719c466f93cafa3b666b058c43b",
                "sha256:8e37fc4db3f2c4e7e1ed98fe4fe313f1b7202df985de4ee1451d2e331332afae",
                "sha256:b8c996bde5852545507bff45af44328fa48a7b22b5bec2f43083f0b8d1024fd9",
                "sha256:bf9c16f3d46af82f89fdefc0d64b2fb02f899c20da64548a8ea336beefcf8d23",
                "sha256:c1038aba898bed34ab1b5ddb0d3f9c9ae33b0649387ab9ffe6d0af677f66bfc1",
                "sha256:d405649c1bfc42e20d86178257658a859a3217b6e6d950ee8cb76353fcea9c39",
                "sha256:db6eeb20a3bd60e1cdcf6ce9a784bc82aec6ab891c800dc5d7824d5cfbfe77f2",
                "sha256:e382f8cb40dca45c3b439359028a4b60e74e22d391dc2deb360c0b8239d6ddc0",
                "sha256:f3f6c09e2c76f2537d61f907702dd921b04d1c3972f01d5530ef1f748f22bd89",
                "sha256:f749287087f67957c020e1de26906e88b8b0c4ea588facb7349c115a63346f67",
                "sha256:f86b96e014732c0d1ded2c1f51444c80176a98c21856d0da533db4e4aef54070"
            ],
            "index": "pypi",
            "version": "==0.29.7"
        },
        "et-xmlfile": {
            "hashes": [
                "sha256:614d9722d572f6246302c4491846d2c393c199cfa4edc9af593437691683335b"
            ],
            "version": "==1.0.1"
        },
        "flask": {
            "hashes": [
                "sha256:2271c0070dbcb5275fad4a82e29f23ab92682dc45f9dfbc22c02ba9b9322ce48",
                "sha256:a080b744b7e345ccfcbc77954861cb05b3c63786e93f2b3875e0913d44b43f05"
            ],
            "index": "pypi",
            "version": "==1.0.2"
        },
        "flask-sqlalchemy": {
            "hashes": [
                "sha256:0c9609b0d72871c540a7945ea559c8fdf5455192d2db67219509aed680a3d45a",
                "sha256:8631bbea987bc3eb0f72b1f691d47bd37ceb795e73b59ab48586d76d75a7c605"
            ],
            "index": "pypi",
            "version": "==2.4.0"
        },
        "gunicorn": {
            "hashes": [
                "sha256:aa8e0b40b4157b36a5df5e599f45c9c76d6af43845ba3b3b0efe2c70473c2471",
                "sha256:fa2662097c66f920f53f70621c6c58ca4a3c4d3434205e608e121b5b3b71f4f3"
            ],
            "index": "pypi",
            "version": "==19.9.0"
        },
        "itsdangerous": {
            "hashes": [
                "sha256:321b033d07f2a4136d3ec762eac9f16a10ccd60f53c0c91af90217ace7ba1f19",
                "sha256:b12271b2047cb23eeb98c8b5622e2e5c5e9abd9784a153e9d8ef9cb4dd09d749"
            ],
            "version": "==1.1.0"
        },
        "jdcal": {
            "hashes": [
                "sha256:1abf1305fce18b4e8aa248cf8fe0c56ce2032392bc64bbd61b5dff2a19ec8bba",
                "sha256:472872e096eb8df219c23f2689fc336668bdb43d194094b5cc1707e1640acfc8"
            ],
            "version": "==1.4.1"
        },
        "jinja2": {
            "hashes": [
                "sha256:065c4f02ebe7f7cf559e49ee5a95fb800a9e4528727aec6f24402a5374c65013",
                "sha256:14dd6caf1527abb21f08f86c784eac40853ba93edb79552aa1e4b8aef1b61c7b"
            ],
            "index": "pypi",
            "version": "==2.10.1"
        },
        "markupsafe": {
            "hashes": [
                "sha256:00bc623926325b26bb9605ae9eae8a215691f33cae5df11ca5424f06f2d1f473",
                "sha256:09027a7803a62ca78792ad89403b1b7a73a01c8cb65909cd876f7fcebd79b161",
                "sha256:09c4b7f37d6c648cb13f9230d847adf22f8171b1ccc4d5682398e77f40309235",
                "sha256:1027c282dad077d0bae18be6794e6b6b8c91d58ed8a8d89a89d59693b9131db5",
                "sha256:24982cc2533820871eba85ba648cd53d8623687ff11cbb805be4ff7b4c971aff",
                "sha256:29872e92839765e546828bb7754a68c418d927cd064fd4708fab9fe9c8bb116b",
                "sha256:43a55c2930bbc139570ac2452adf3d70cdbb3cfe5912c71cdce1c2c6bbd9c5d1",
                "sha256:46c99d2de99945ec5cb54f23c8cd5689f6d7177305ebff350a58ce5f8de1669e",
                "sha256:500d4957e52ddc3351cabf489e79c91c17f6e0899158447047588650b5e69183",
                "sha256:535f6fc4d397c1563d08b88e485c3496cf5784e927af890fb3c3aac7f933ec66",
                "sha256:62fe6c95e3ec8a7fad637b7f3d372c15ec1caa01ab47926cfdf7a75b40e0eac1",
                "sha256:6dd73240d2af64df90aa7c4e7481e23825ea70af4b4922f8ede5b9e35f78a3b1",
                "sha256:717ba8fe3ae9cc0006d7c451f0bb265ee07739daf76355d06366154ee68d221e",
                "sha256:79855e1c5b8da654cf486b830bd42c06e8780cea587384cf6545b7d9ac013a0b",
                "sha256:7c1699dfe0cf8ff607dbdcc1e9b9af1755371f92a68f706051cc8c37d447c905",
                "sha256:88e5fcfb52ee7b911e8bb6d6aa2fd21fbecc674eadd44118a9cc3863f938e735",
                "sha256:8defac2f2ccd6805ebf65f5eeb132adcf2ab57aa11fdf4c0dd5169a004710e7d",
                "sha256:98c7086708b163d425c67c7a91bad6e466bb99d797aa64f965e9d25c12111a5e",
                "sha256:9add70b36c5666a2ed02b43b335fe19002ee5235efd4b8a89bfcf9005bebac0d",
                "sha256:9bf40443012702a1d2070043cb6291650a0841ece432556f784f004937f0f32c",
                "sha256:ade5e387d2ad0d7ebf59146cc00c8044acbd863725f887353a10df825fc8ae21",
                "sha256:b00c1de48212e4cc9603895652c5c410df699856a2853135b3967591e4beebc2",
                "sha256:b1282f8c00509d99fef04d8ba936b156d419be841854fe901d8ae224c59f0be5",
                "sha256:b2051432115498d3562c084a49bba65d97cf251f5a331c64a12ee7e04dacc51b",
                "sha256:ba59edeaa2fc6114428f1637ffff42da1e311e29382d81b339c1817d37ec93c6",
                "sha256:c8716a48d94b06bb3b2524c2b77e055fb313aeb4ea620c8dd03a105574ba704f",
                "sha256:cd5df75523866410809ca100dc9681e301e3c27567cf498077e8551b6d20e42f",
                "sha256:e249096428b3ae81b08327a63a485ad0878de3fb939049038579ac0ef61e17e7"
            ],
            "version": "==1.1.1"
        },
        "meld3": {
            "hashes": [
                "sha256:b28a9bfac342aadb4557aa144bea9f8e6208bfb0596190570d10a892d35ff7dc",
                "sha256:f7b754a0fde7a4429b2ebe49409db240b5699385a572501bb0d5627d299f9558"
            ],
            "version": "==1.0.2"
        },
        "openpyxl": {
            "hashes": [
                "sha256:1d2af392cef8c8227bd2ac3ebe3a28b25aba74fd4fa473ce106065f0b73bfe2e"
            ],
            "index": "pypi",
            "version": "==2.6.2"
        },
        "pymssql": {
            "hashes": [
                "sha256:0479294789d7f230016d87e115a23e51617909611de7b1ced1263c1e365f6c91",
                "sha256:056dacf9120ae3a01955c52ce425b7ee7da499b27bd80f3bfcfb4013ae7adff8",
                "sha256:084deb1462fb52c0d802b006c673f3a02ce562b7b3a2f65f6a6bd2162a0850a2",
                "sha256:254e3552b6a52b40cb437f4b75683e003398f8ce12da0e40908a07703882802d",
                "sha256:3201eb1b1263ad55b555d727ed8bed0b12b7b9de3ce5e529206e36d4be1a7afb",
                "sha256:46dcd9c2f371d7d5744c22d6a3dc426b10debd12e0cab5b69c92f29b8eb90e21",
                "sha256:47a567ed94618a89c83b8ce24c886ff65f0c063ef02ed7240b98ab953ca95b5d",
                "sha256:4fd384371ddc260c12d79dc8bcc239c722d571d1701cba1ec7788617db603a06",
                "sha256:6da06dd6a37b3472b034a82fd156c63c6cb288b996a6ef252e874e343b37a254",
                "sha256:7544b8b1b38d101f0b7bd794d2da53dd19fee38e3dfe7312cd9bc87252347260",
                "sha256:7a3869e6f0ea3a49f4faf8489638341578b4e638e86dc4067a69e8fa5d0469a2",
                "sha256:bc2f3f93711cb6262cee83f63e9e38021a79f0d1b4c0deec7f68de97b49a8938",
                "sha256:c32df8c15dda0a23551348a51b7b41f0bfe25be8925c7afebcef977f89cceb62",
                "sha256:c830088a8c1571e4606edd461d5f2291c8dacea2cd615466fb4764773d968949",
                "sha256:cfbce903ed29d2979168ac5d253e8241cb73901ec79c1e6692eb912ebc990be9",
                "sha256:d30001a9e00dbbb7ca04922eeb4df89e946bb083bbf7114667b8cbb7e08d9a0c",
                "sha256:d3bf234eeb24ba6048ab1bb069395e3acd212376e91d8d7fdfdcfef60178cef4",
                "sha256:e077af5c80e768976b47789644bd7ea211131b5d8ed174e44995b3ef34009aad",
                "sha256:e730e1fbbde44227ad34c024e71c1764503cf97c3812c520766867d1ee916e68",
                "sha256:ebecdd63e9a6c871dcd25c877895f9ed2ba96549743cb4d45d201fc478f1bf28",
                "sha256:f58810f6917916af539948b3ed53881aca4aa7db80b662dcabcbf93a3cdea938",
                "sha256:fb340fbf5525ea51c5d4b704340a6fe8ec97e5380b5cd17107ea48179d1c1605",
                "sha256:fe7e4bf3c79b3f0425588bd99188e431727f4d6b19249dcb81b94e10d261d86f"
            ],
            "index": "pypi",
            "version": "==2.1.4"
        },
        "sqlalchemy": {
            "hashes": [
                "sha256:781fb7b9d194ed3fc596b8f0dd4623ff160e3e825dd8c15472376a438c19598b"
            ],
            "index": "pypi",
            "version": "==1.3.1"
        },
        "supervisor": {
            "hashes": [
                "sha256:5604457da4fb89d850e78c128205fe4938c9277f87301885b33c94c60361e575",
                "sha256:cb16df95144b68f016d652a2311a47d0f8cd8935a524d77b7c490eae77c44989"
            ],
            "index": "pypi",
            "version": "==4.0.2"
        },
        "werkzeug": {
            "hashes": [
                "sha256:0a73e8bb2ff2feecfc5d56e6f458f5b99290ef34f565ffb2665801ff7de6af7a",
                "sha256:7fad9770a8778f9576693f0cc29c7dcc36964df916b83734f4431c0e612a7fbc"
            ],
            "version": "==0.15.2"
        }
    },
    "develop": {}
}
